{
  "nodes": {
    "flake-utils": {
      "inputs": {
        "systems": "systems"
      },
      "locked": {
        "lastModified": 1726560853,
        "narHash": "sha256-X6rJYSESBVr3hBoH0WbKE5KvhPU5bloyZ2L4K60/fPQ=",
        "owner": "numtide",
        "repo": "flake-utils",
        "rev": "c1dfcf08411b08f6b8615f7d8971a2bfa81d5e8a",
        "type": "github"
      },
      "original": {
        "owner": "numtide",
        "repo": "flake-utils",
        "type": "github"
      }
    },
    "hugo-coder": {
      "flake": false,
      "locked": {
        "lastModified": 1727390834,
        "narHash": "sha256-zkAsUH0TKVeue+MS8v9hiamVXh+mdBrGF41TFVd7OtM=",
        "owner": "luizdepra",
        "repo": "hugo-coder",
        "rev": "f69d6d6da728790a5f0bb1c5e2047174bc8f185c",
        "type": "github"
      },
      "original": {
        "owner": "luizdepra",
        "repo": "hugo-coder",
        "type": "github"
      }
    },
    "nixpkgs": {
      "locked": {
        "lastModified": 1728377070,
        "narHash": "sha256-mum51G1oVKJFb9EbOh1nNMlhkANtZz0sq5tYjqGWH3U=",
        "owner": "NixOS",
        "repo": "nixpkgs",
        "rev": "509b099fd471922f78bbbaebc76d31338fee82a4",
        "type": "github"
      },
      "original": {
        "owner": "NixOS",
        "repo": "nixpkgs",
        "type": "github"
      }
    },
    "root": {
      "inputs": {
        "flake-utils": "flake-utils",
        "hugo-coder": "hugo-coder",
        "nixpkgs": "nixpkgs",
        "systems": "systems_2"
      }
    },
    "systems": {
      "locked": {
        "lastModified": 1681028828,
        "narHash": "sha256-Vy1rq5AaRuLzOxct8nz4T6wlgyUR7zLU309k9mBC768=",
        "owner": "nix-systems",
        "repo": "default",
        "rev": "da67096a3b9bf56a91d16901293e51ba5b49a27e",
        "type": "github"
      },
      "original": {
        "owner": "nix-systems",
        "repo": "default",
        "type": "github"
      }
    },
    "systems_2": {
      "locked": {
        "lastModified": 1681028828,
        "narHash": "sha256-Vy1rq5AaRuLzOxct8nz4T6wlgyUR7zLU309k9mBC768=",
        "owner": "nix-systems",
        "repo": "default",
        "rev": "da67096a3b9bf56a91d16901293e51ba5b49a27e",
        "type": "github"
      },
      "original": {
        "owner": "nix-systems",
        "repo": "default",
        "type": "github"
      }
    }
  },
  "root": "root",
  "version": 7
}
